
Microsoft Visual Studio Solution File, Format Version 12.00
# Visual Studio Version 17
VisualStudioVersion = 17.5.002.0
MinimumVisualStudioVersion = 10.0.40219.1
Project("{9A19103F-16F7-4668-BE54-9A1E7A4F7556}") = "UnoGameCsharp", "UnoGameCsharp.csproj", "{EDD9A95B-6D85-4F82-8E42-99CF2AA9758B}"
EndProject
Project("{FAE04EC0-301F-11D3-BF4B-00C04F79EFBC}") = "UnoGame.Tests", "UnoGame.Tests\UnoGame.Tests.csproj", "{5BBB6220-FB83-4618-A1E4-CE6D0B091B6B}"
EndProject
Global
	GlobalSection(SolutionConfigurationPlatforms) = preSolution
		Debug|Any CPU = Debug|Any CPU
		Release|Any CPU = Release|Any CPU
	EndGlobalSection
	GlobalSection(ProjectConfigurationPlatforms) = postSolution
		{EDD9A95B-6D85-4F82-8E42-99CF2AA9758B}.Debug|Any CPU.ActiveCfg = Debug|Any CPU
		{EDD9A95B-6D85-4F82-8E42-99CF2AA9758B}.Debug|Any CPU.Build.0 = Debug|Any CPU
		{EDD9A95B-6D85-4F82-8E42-99CF2AA9758B}.Release|Any CPU.ActiveCfg = Release|Any CPU
		{EDD9A95B-6D85-4F82-8E42-99CF2AA9758B}.Release|Any CPU.Build.0 = Release|Any CPU
		{5BBB6220-FB83-4618-A1E4-CE6D0B091B6B}.Debug|Any CPU.ActiveCfg = Debug|Any CPU
		{5BBB6220-FB83-4618-A1E4-CE6D0B091B6B}.Debug|Any CPU.Build.0 = Debug|Any CPU
		{5BBB6220-FB83-4618-A1E4-CE6D0B091B6B}.Release|Any CPU.ActiveCfg = Release|Any CPU
		{5BBB6220-FB83-4618-A1E4-CE6D0B091B6B}.Release|Any CPU.Build.0 = Release|Any CPU
	EndGlobalSection
	GlobalSection(SolutionProperties) = preSolution
		HideSolutionNode = FALSE
	EndGlobalSection
	GlobalSection(ExtensibilityGlobals) = postSolution
		SolutionGuid = {CA6BD2AF-1727-499C-8068-25791067570F}
	EndGlobalSection
EndGlobal
